dependencies:
- name: rabbitmq
  repository: https://charts.bitnami.com/bitnami
  version: 12.4.2
- name: qdrant
  repository: https://qdrant.github.io/qdrant-helm
  version: 0.6.1
digest: sha256:b732b616f4925c852b2423187aaff4a4bb36d21d1d9eb9bc0477989604d50125
generated: "2023-11-13T20:05:38.167594844+05:00"
